
Microsoft Visual Studio Solution File, Format Version 12.00
# Visual Studio Express 2013 for Windows Desktop
VisualStudioVersion = 12.0.30501.0
MinimumVisualStudioVersion = 10.0.40219.1
Project("{FAE04EC0-301F-11D3-BF4B-00C04F79EFBC}") = "PointOfSale", "PointOfSale.csproj", "{E90FD865-F311-456E-950E-38C0B74580DE}"
EndProject
Project("{2150E333-8FDC-42A3-9474-1A3956D46DE8}") = ".nuget", ".nuget", "{4B35B64B-C579-4BEC-8325-733BE59E7B0A}"
	ProjectSection(SolutionItems) = preProject
		.nuget\packages.config = .nuget\packages.config
	EndProjectSection
EndProject
Global
	GlobalSection(SolutionConfigurationPlatforms) = preSolution
		Debug|Any CPU = Debug|Any CPU
		Release|Any CPU = Release|Any CPU
	EndGlobalSection
	GlobalSection(ProjectConfigurationPlatforms) = postSolution
		{E90FD865-F311-456E-950E-38C0B74580DE}.Debug|Any CPU.ActiveCfg = Debug|Any CPU
		{E90FD865-F311-456E-950E-38C0B74580DE}.Debug|Any CPU.Build.0 = Debug|Any CPU
		{E90FD865-F311-456E-950E-38C0B74580DE}.Release|Any CPU.ActiveCfg = Release|Any CPU
		{E90FD865-F311-456E-950E-38C0B74580DE}.Release|Any CPU.Build.0 = Release|Any CPU
	EndGlobalSection
	GlobalSection(SolutionProperties) = preSolution
		HideSolutionNode = FALSE
	EndGlobalSection
EndGlobal
